
Microsoft Visual Studio Solution File, Format Version 12.00
# Visual Studio Version 16
VisualStudioVersion = 16.0.30413.136
MinimumVisualStudioVersion = 10.0.40219.1
Project("{FAE04EC0-301F-11D3-BF4B-00C04F79EFBC}") = "XiangJiang.Infrastructure.FileCompress.Zip", "XiangJiang.Infrastructure.FileCompress.Zip\XiangJiang.Infrastructure.FileCompress.Zip.csproj", "{EE54C99D-9D04-4E43-8154-07FEE3CBCF67}"
EndProject
Global
	GlobalSection(SolutionConfigurationPlatforms) = preSolution
		Debug|Any CPU = Debug|Any CPU
		Release|Any CPU = Release|Any CPU
	EndGlobalSection
	GlobalSection(ProjectConfigurationPlatforms) = postSolution
		{EE54C99D-9D04-4E43-8154-07FEE3CBCF67}.Debug|Any CPU.ActiveCfg = Debug|Any CPU
		{EE54C99D-9D04-4E43-8154-07FEE3CBCF67}.Debug|Any CPU.Build.0 = Debug|Any CPU
		{EE54C99D-9D04-4E43-8154-07FEE3CBCF67}.Release|Any CPU.ActiveCfg = Release|Any CPU
		{EE54C99D-9D04-4E43-8154-07FEE3CBCF67}.Release|Any CPU.Build.0 = Release|Any CPU
	EndGlobalSection
	GlobalSection(SolutionProperties) = preSolution
		HideSolutionNode = FALSE
	EndGlobalSection
	GlobalSection(ExtensibilityGlobals) = postSolution
		SolutionGuid = {CDB786D9-83DF-4C90-81DF-D9123DE631EA}
	EndGlobalSection
EndGlobal
